
Microsoft Visual Studio Solution File, Format Version 12.00
# Visual Studio Version 16
VisualStudioVersion = 16.0.30002.166
MinimumVisualStudioVersion = 10.0.40219.1
Project("{FAE04EC0-301F-11D3-BF4B-00C04F79EFBC}") = "UVSproject", "UVSproject\UVSproject.csproj", "{1E67AC47-2E36-458E-B01C-59F10C7D146A}"
EndProject
Global
	GlobalSection(SolutionConfigurationPlatforms) = preSolution
		Debug|Any CPU = Debug|Any CPU
		Release|Any CPU = Release|Any CPU
	EndGlobalSection
	GlobalSection(ProjectConfigurationPlatforms) = postSolution
		{1E67AC47-2E36-458E-B01C-59F10C7D146A}.Debug|Any CPU.ActiveCfg = Debug|Any CPU
		{1E67AC47-2E36-458E-B01C-59F10C7D146A}.Debug|Any CPU.Build.0 = Debug|Any CPU
		{1E67AC47-2E36-458E-B01C-59F10C7D146A}.Release|Any CPU.ActiveCfg = Release|Any CPU
		{1E67AC47-2E36-458E-B01C-59F10C7D146A}.Release|Any CPU.Build.0 = Release|Any CPU
	EndGlobalSection
	GlobalSection(SolutionProperties) = preSolution
		HideSolutionNode = FALSE
	EndGlobalSection
	GlobalSection(ExtensibilityGlobals) = postSolution
		SolutionGuid = {11DE23D1-5C21-4A78-B308-B6C3CB839ED4}
	EndGlobalSection
EndGlobal
